
Microsoft Visual Studio Solution File, Format Version 12.00
# Visual Studio Version 16
VisualStudioVersion = 16.0.32407.337
MinimumVisualStudioVersion = 10.0.40219.1
Project("{9A19103F-16F7-4668-BE54-9A1E7A4F7556}") = "Auth.Repository", "Auth.Repository\Auth.Repository.csproj", "{5C5AF588-56C6-4C7C-A8D4-0BE29A785B7F}"
EndProject
Project("{9A19103F-16F7-4668-BE54-9A1E7A4F7556}") = "Auth.UI", "Auth.UI\Auth.UI.csproj", "{1AB3F113-CCE1-44C4-A311-8C9189D8EAAC}"
EndProject
Project("{9A19103F-16F7-4668-BE54-9A1E7A4F7556}") = "Auth.Api", "Auth.Api\Auth.Api.csproj", "{1FECC937-39D0-44F2-818E-30CEB2DD7B5C}"
EndProject
Global
	GlobalSection(SolutionConfigurationPlatforms) = preSolution
		Debug|Any CPU = Debug|Any CPU
		Release|Any CPU = Release|Any CPU
	EndGlobalSection
	GlobalSection(ProjectConfigurationPlatforms) = postSolution
		{5C5AF588-56C6-4C7C-A8D4-0BE29A785B7F}.Debug|Any CPU.ActiveCfg = Debug|Any CPU
		{5C5AF588-56C6-4C7C-A8D4-0BE29A785B7F}.Debug|Any CPU.Build.0 = Debug|Any CPU
		{5C5AF588-56C6-4C7C-A8D4-0BE29A785B7F}.Release|Any CPU.ActiveCfg = Release|Any CPU
		{5C5AF588-56C6-4C7C-A8D4-0BE29A785B7F}.Release|Any CPU.Build.0 = Release|Any CPU
		{1AB3F113-CCE1-44C4-A311-8C9189D8EAAC}.Debug|Any CPU.ActiveCfg = Debug|Any CPU
		{1AB3F113-CCE1-44C4-A311-8C9189D8EAAC}.Debug|Any CPU.Build.0 = Debug|Any CPU
		{1AB3F113-CCE1-44C4-A311-8C9189D8EAAC}.Release|Any CPU.ActiveCfg = Release|Any CPU
		{1AB3F113-CCE1-44C4-A311-8C9189D8EAAC}.Release|Any CPU.Build.0 = Release|Any CPU
		{1FECC937-39D0-44F2-818E-30CEB2DD7B5C}.Debug|Any CPU.ActiveCfg = Debug|Any CPU
		{1FECC937-39D0-44F2-818E-30CEB2DD7B5C}.Debug|Any CPU.Build.0 = Debug|Any CPU
		{1FECC937-39D0-44F2-818E-30CEB2DD7B5C}.Release|Any CPU.ActiveCfg = Release|Any CPU
		{1FECC937-39D0-44F2-818E-30CEB2DD7B5C}.Release|Any CPU.Build.0 = Release|Any CPU
	EndGlobalSection
	GlobalSection(SolutionProperties) = preSolution
		HideSolutionNode = FALSE
	EndGlobalSection
	GlobalSection(ExtensibilityGlobals) = postSolution
		SolutionGuid = {12C1F8B2-DCC9-4C1C-9481-60BD335024FF}
	EndGlobalSection
EndGlobal
